// !$*UTF8*$!
{
	archiveVersion = 1;
	classes = {
	};
	objectVersion = 46;
	objects = {

/* Begin PBXBuildFile section */
		634558841AA27DA300E12EAC /* AppDelegate.swift in Sources */ = {isa = PBXBuildFile; fileRef = 634558831AA27DA300E12EAC /* AppDelegate.swift */; };
		634558871AA27DA300E12EAC /* ExchangeAGram.xcdatamodeld in Sources */ = {isa = PBXBuildFile; fileRef = 634558851AA27DA300E12EAC /* ExchangeAGram.xcdatamodeld */; };
		6345588C1AA27DA300E12EAC /* Main.storyboard in Resources */ = {isa = PBXBuildFile; fileRef = 6345588A1AA27DA300E12EAC /* Main.storyboard */; };
		6345588E1AA27DA300E12EAC /* Images.xcassets in Resources */ = {isa = PBXBuildFile; fileRef = 6345588D1AA27DA300E12EAC /* Images.xcassets */; };
		634558911AA27DA300E12EAC /* LaunchScreen.xib in Resources */ = {isa = PBXBuildFile; fileRef = 6345588F1AA27DA300E12EAC /* LaunchScreen.xib */; };
		6345589D1AA27DA300E12EAC /* ExchangeAGramTests.swift in Sources */ = {isa = PBXBuildFile; fileRef = 6345589C1AA27DA300E12EAC /* ExchangeAGramTests.swift */; };
		634558A71AA2BC1400E12EAC /* FeedViewController.swift in Sources */ = {isa = PBXBuildFile; fileRef = 634558A61AA2BC1400E12EAC /* FeedViewController.swift */; };
		634558A91AA2BE8D00E12EAC /* FeedCollectionViewCell.swift in Sources */ = {isa = PBXBuildFile; fileRef = 634558A81AA2BE8D00E12EAC /* FeedCollectionViewCell.swift */; };
		634558AB1AA2C0B400E12EAC /* MobileCoreServices.framework in Frameworks */ = {isa = PBXBuildFile; fileRef = 634558AA1AA2C0B400E12EAC /* MobileCoreServices.framework */; };
		634558AD1AA2C85E00E12EAC /* FeedItem.swift in Sources */ = {isa = PBXBuildFile; fileRef = 634558AC1AA2C85E00E12EAC /* FeedItem.swift */; };
/* End PBXBuildFile section */

/* Begin PBXContainerItemProxy section */
		634558971AA27DA300E12EAC /* PBXContainerItemProxy */ = {
			isa = PBXContainerItemProxy;
			containerPortal = 634558761AA27DA300E12EAC /* Project object */;
			proxyType = 1;
			remoteGlobalIDString = 6345587D1AA27DA300E12EAC;
			remoteInfo = ExchangeAGram;
		};
/* End PBXContainerItemProxy section */

/* Begin PBXFileReference section */
		6345587E1AA27DA300E12EAC /* ExchangeAGram.app */ = {isa = PBXFileReference; explicitFileType = wrapper.application; includeInIndex = 0; path = ExchangeAGram.app; sourceTree = BUILT_PRODUCTS_DIR; };
		634558821AA27DA300E12EAC /* Info.plist */ = {isa = PBXFileReference; lastKnownFileType = text.plist.xml; path = Info.plist; sourceTree = "<group>"; };
		634558831AA27DA300E12EAC /* AppDelegate.swift */ = {isa = PBXFileReference; lastKnownFileType = sourcecode.swift; path = AppDelegate.swift; sourceTree = "<group>"; };
		634558861AA27DA300E12EAC /* ExchangeAGram.xcdatamodel */ = {isa = PBXFileReference; lastKnownFileType = wrapper.xcdatamodel; path = ExchangeAGram.xcdatamodel; sourceTree = "<group>"; };
		6345588B1AA27DA300E12EAC /* Base */ = {isa = PBXFileReference; lastKnownFileType = file.storyboard; name = Base; path = Base.lproj/Main.storyboard; sourceTree = "<group>"; };
		6345588D1AA27DA300E12EAC /* Images.xcassets */ = {isa = PBXFileReference; lastKnownFileType = folder.assetcatalog; path = Images.xcassets; sourceTree = "<group>"; };
		634558901AA27DA300E12EAC /* Base */ = {isa = PBXFileReference; lastKnownFileType = file.xib; name = Base; path = Base.lproj/LaunchScreen.xib; sourceTree = "<group>"; };
		634558961AA27DA300E12EAC /* ExchangeAGramTests.xctest */ = {isa = PBXFileReference; explicitFileType = wrapper.cfbundle; includeInIndex = 0; path = ExchangeAGramTests.xctest; sourceTree = BUILT_PRODUCTS_DIR; };
		6345589B1AA27DA300E12EAC /* Info.plist */ = {isa = PBXFileReference; lastKnownFileType = text.plist.xml; path = Info.plist; sourceTree = "<group>"; };
		6345589C1AA27DA300E12EAC /* ExchangeAGramTests.swift */ = {isa = PBXFileReference; lastKnownFileType = sourcecode.swift; path = ExchangeAGramTests.swift; sourceTree = "<group>"; };
		634558A61AA2BC1400E12EAC /* FeedViewController.swift */ = {isa = PBXFileReference; fileEncoding = 4; lastKnownFileType = sourcecode.swift; path = FeedViewController.swift; sourceTree = "<group>"; };
		634558A81AA2BE8D00E12EAC /* FeedCollectionViewCell.swift */ = {isa = PBXFileReference; fileEncoding = 4; lastKnownFileType = sourcecode.swift; path = FeedCollectionViewCell.swift; sourceTree = "<group>"; };
		634558AA1AA2C0B400E12EAC /* MobileCoreServices.framework */ = {isa = PBXFileReference; lastKnownFileType = wrapper.framework; name = MobileCoreServices.framework; path = System/Library/Frameworks/MobileCoreServices.framework; sourceTree = SDKROOT; };
		634558AC1AA2C85E00E12EAC /* FeedItem.swift */ = {isa = PBXFileReference; fileEncoding = 4; lastKnownFileType = sourcecode.swift; path = FeedItem.swift; sourceTree = "<group>"; };
/* End PBXFileReference section */

/* Begin PBXFrameworksBuildPhase section */
		6345587B1AA27DA300E12EAC /* Frameworks */ = {
			isa = PBXFrameworksBuildPhase;
			buildActionMask = 2147483647;
			files = (
				634558AB1AA2C0B400E12EAC /* MobileCoreServices.framework in Frameworks */,
			);
			runOnlyForDeploymentPostprocessing = 0;
		};
		634558931AA27DA300E12EAC /* Frameworks */ = {
			isa = PBXFrameworksBuildPhase;
			buildActionMask = 2147483647;
			files = (
			);
			runOnlyForDeploymentPostprocessing = 0;
		};
/* End PBXFrameworksBuildPhase section */

/* Begin PBXGroup section */
		634558751AA27DA300E12EAC = {
			isa = PBXGroup;
			children = (
				634558801AA27DA300E12EAC /* ExchangeAGram */,
				634558991AA27DA300E12EAC /* ExchangeAGramTests */,
				6345587F1AA27DA300E12EAC /* Products */,
			);
			sourceTree = "<group>";
		};
		6345587F1AA27DA300E12EAC /* Products */ = {
			isa = PBXGroup;
			children = (
				6345587E1AA27DA300E12EAC /* ExchangeAGram.app */,
				634558961AA27DA300E12EAC /* ExchangeAGramTests.xctest */,
			);
			name = Products;
			sourceTree = "<group>";
		};
		634558801AA27DA300E12EAC /* ExchangeAGram */ = {
			isa = PBXGroup;
			children = (
				634558831AA27DA300E12EAC /* AppDelegate.swift */,
				634558A61AA2BC1400E12EAC /* FeedViewController.swift */,
				634558A81AA2BE8D00E12EAC /* FeedCollectionViewCell.swift */,
				6345588A1AA27DA300E12EAC /* Main.storyboard */,
				6345588D1AA27DA300E12EAC /* Images.xcassets */,
				6345588F1AA27DA300E12EAC /* LaunchScreen.xib */,
				634558851AA27DA300E12EAC /* ExchangeAGram.xcdatamodeld */,
				634558AC1AA2C85E00E12EAC /* FeedItem.swift */,
				634558811AA27DA300E12EAC /* Supporting Files */,
			);
			path = ExchangeAGram;
			sourceTree = "<group>";
		};
		634558811AA27DA300E12EAC /* Supporting Files */ = {
			isa = PBXGroup;
			children = (
				634558AA1AA2C0B400E12EAC /* MobileCoreServices.framework */,
				634558821AA27DA300E12EAC /* Info.plist */,
			);
			name = "Supporting Files";
			sourceTree = "<group>";
		};
		634558991AA27DA300E12EAC /* ExchangeAGramTests */ = {
			isa = PBXGroup;
			children = (
				6345589C1AA27DA300E12EAC /* ExchangeAGramTests.swift */,
				6345589A1AA27DA300E12EAC /* Supporting Files */,
			);
			path = ExchangeAGramTests;
			sourceTree = "<group>";
		};
		6345589A1AA27DA300E12EAC /* Supporting Files */ = {
			isa = PBXGroup;
			children = (
				6345589B1AA27DA300E12EAC /* Info.plist */,
			);
			name = "Supporting Files";
			sourceTree = "<group>";
		};
/* End PBXGroup section */

/* Begin PBXNativeTarget section */
		6345587D1AA27DA300E12EAC /* ExchangeAGram */ = {
			isa = PBXNativeTarget;
			buildConfigurationList = 634558A01AA27DA300E12EAC /* Build configuration list for PBXNativeTarget "ExchangeAGram" */;
			buildPhases = (
				6345587A1AA27DA300E12EAC /* Sources */,
				6345587B1AA27DA300E12EAC /* Frameworks */,
				6345587C1AA27DA300E12EAC /* Resources */,
			);
			buildRules = (
			);
			dependencies = (
			);
			name = ExchangeAGram;
			productName = ExchangeAGram;
			productReference = 6345587E1AA27DA300E12EAC /* ExchangeAGram.app */;
			productType = "com.apple.product-type.application";
		};
		634558951AA27DA300E12EAC /* ExchangeAGramTests */ = {
			isa = PBXNativeTarget;
			buildConfigurationList = 634558A31AA27DA300E12EAC /* Build configuration list for PBXNativeTarget "ExchangeAGramTests" */;
			buildPhases = (
				634558921AA27DA300E12EAC /* Sources */,
				634558931AA27DA300E12EAC /* Frameworks */,
				634558941AA27DA300E12EAC /* Resources */,
			);
			buildRules = (
			);
			dependencies = (
				634558981AA27DA300E12EAC /* PBXTargetDependency */,
			);
			name = ExchangeAGramTests;
			productName = ExchangeAGramTests;
			productReference = 634558961AA27DA300E12EAC /* ExchangeAGramTests.xctest */;
			productType = "com.apple.product-type.bundle.unit-test";
		};
/* End PBXNativeTarget section */

/* Begin PBXProject section */
		634558761AA27DA300E12EAC /* Project object */ = {
			isa = PBXProject;
			attributes = {
				LastUpgradeCheck = 0610;
				ORGANIZATIONNAME = "Dave Stanton";
				TargetAttributes = {
					6345587D1AA27DA300E12EAC = {
						CreatedOnToolsVersion = 6.1.1;
					};
					634558951AA27DA300E12EAC = {
						CreatedOnToolsVersion = 6.1.1;
						TestTargetID = 6345587D1AA27DA300E12EAC;
					};
				};
			};
			buildConfigurationList = 634558791AA27DA300E12EAC /* Build configuration list for PBXProject "ExchangeAGram" */;
			compatibilityVersion = "Xcode 3.2";
			developmentRegion = English;
			hasScannedForEncodings = 0;
			knownRegions = (
				en,
				Base,
			);
			mainGroup = 634558751AA27DA300E12EAC;
			productRefGroup = 6345587F1AA27DA300E12EAC /* Products */;
			projectDirPath = "";
			projectRoot = "";
			targets = (
				6345587D1AA27DA300E12EAC /* ExchangeAGram */,
				634558951AA27DA300E12EAC /* ExchangeAGramTests */,
			);
		};
/* End PBXProject section */

/* Begin PBXResourcesBuildPhase section */
		6345587C1AA27DA300E12EAC /* Resources */ = {
			isa = PBXResourcesBuildPhase;
			buildActionMask = 2147483647;
			files = (
				6345588C1AA27DA300E12EAC /* Main.storyboard in Resources */,
				634558911AA27DA300E12EAC /* LaunchScreen.xib in Resources */,
				6345588E1AA27DA300E12EAC /* Images.xcassets in Resources */,
			);
			runOnlyForDeploymentPostprocessing = 0;
		};
		634558941AA27DA300E12EAC /* Resources */ = {
			isa = PBXResourcesBuildPhase;
			buildActionMask = 2147483647;
			files = (
			);
			runOnlyForDeploymentPostprocessing = 0;
		};
/* End PBXResourcesBuildPhase section */

/* Begin PBXSourcesBuildPhase section */
		6345587A1AA27DA300E12EAC /* Sources */ = {
			isa = PBXSourcesBuildPhase;
			buildActionMask = 2147483647;
			files = (
				634558841AA27DA300E12EAC /* AppDelegate.swift in Sources */,
				634558A71AA2BC1400E12EAC /* FeedViewController.swift in Sources */,
				634558A91AA2BE8D00E12EAC /* FeedCollectionViewCell.swift in Sources */,
				634558AD1AA2C85E00E12EAC /* FeedItem.swift in Sources */,
				634558871AA27DA300E12EAC /* ExchangeAGram.xcdatamodeld in Sources */,
			);
			runOnlyForDeploymentPostprocessing = 0;
		};
		634558921AA27DA300E12EAC /* Sources */ = {
			isa = PBXSourcesBuildPhase;
			buildActionMask = 2147483647;
			files = (
				6345589D1AA27DA300E12EAC /* ExchangeAGramTests.swift in Sources */,
			);
			runOnlyForDeploymentPostprocessing = 0;
		};
/* End PBXSourcesBuildPhase section */

/* Begin PBXTargetDependency section */
		634558981AA27DA300E12EAC /* PBXTargetDependency */ = {
			isa = PBXTargetDependency;
			target = 6345587D1AA27DA300E12EAC /* ExchangeAGram */;
			targetProxy = 634558971AA27DA300E12EAC /* PBXContainerItemProxy */;
		};
/* End PBXTargetDependency section */

/* Begin PBXVariantGroup section */
		6345588A1AA27DA300E12EAC /* Main.storyboard */ = {
			isa = PBXVariantGroup;
			children = (
				6345588B1AA27DA300E12EAC /* Base */,
			);
			name = Main.storyboard;
			sourceTree = "<group>";
		};
		6345588F1AA27DA300E12EAC /* LaunchScreen.xib */ = {
			isa = PBXVariantGroup;
			children = (
				634558901AA27DA300E12EAC /* Base */,
			);
			name = LaunchScreen.xib;
			sourceTree = "<group>";
		};
/* End PBXVariantGroup section */

/* Begin XCBuildConfiguration section */
		6345589E1AA27DA300E12EAC /* Debug */ = {
			isa = XCBuildConfiguration;
			buildSettings = {
				ALWAYS_SEARCH_USER_PATHS = NO;
				CLANG_CXX_LANGUAGE_STANDARD = "gnu++0x";
				CLANG_CXX_LIBRARY = "libc++";
				CLANG_ENABLE_MODULES = YES;
				CLANG_ENABLE_OBJC_ARC = YES;
				CLANG_WARN_BOOL_CONVERSION = YES;
				CLANG_WARN_CONSTANT_CONVERSION = YES;
				CLANG_WARN_DIRECT_OBJC_ISA_USAGE = YES_ERROR;
				CLANG_WARN_EMPTY_BODY = YES;
				CLANG_WARN_ENUM_CONVERSION = YES;
				CLANG_WARN_INT_CONVERSION = YES;
				CLANG_WARN_OBJC_ROOT_CLASS = YES_ERROR;
				CLANG_WARN_UNREACHABLE_CODE = YES;
				CLANG_WARN__DUPLICATE_METHOD_MATCH = YES;
				"CODE_SIGN_IDENTITY[sdk=iphoneos*]" = "iPhone Developer";
				COPY_PHASE_STRIP = NO;
				ENABLE_STRICT_OBJC_MSGSEND = YES;
				GCC_C_LANGUAGE_STANDARD = gnu99;
				GCC_DYNAMIC_NO_PIC = NO;
				GCC_OPTIMIZATION_LEVEL = 0;
				GCC_PREPROCESSOR_DEFINITIONS = (
					"DEBUG=1",
					"$(inherited)",
				);
				GCC_SYMBOLS_PRIVATE_EXTERN = NO;
				GCC_WARN_64_TO_32_BIT_CONVERSION = YES;
				GCC_WARN_ABOUT_RETURN_TYPE = YES_ERROR;
				GCC_WARN_UNDECLARED_SELECTOR = YES;
				GCC_WARN_UNINITIALIZED_AUTOS = YES_AGGRESSIVE;
				GCC_WARN_UNUSED_FUNCTION = YES;
				GCC_WARN_UNUSED_VARIABLE = YES;
				IPHONEOS_DEPLOYMENT_TARGET = 8.1;
				MTL_ENABLE_DEBUG_INFO = YES;
				ONLY_ACTIVE_ARCH = YES;
				SDKROOT = iphoneos;
				SWIFT_OPTIMIZATION_LEVEL = "-Onone";
				TARGETED_DEVICE_FAMILY = "1,2";
			};
			name = Debug;
		};
		6345589F1AA27DA300E12EAC /* Release */ = {
			isa = XCBuildConfiguration;
			buildSettings = {
				ALWAYS_SEARCH_USER_PATHS = NO;
				CLANG_CXX_LANGUAGE_STANDARD = "gnu++0x";
				CLANG_CXX_LIBRARY = "libc++";
				CLANG_ENABLE_MODULES = YES;
				CLANG_ENABLE_OBJC_ARC = YES;
				CLANG_WARN_BOOL_CONVERSION = YES;
				CLANG_WARN_CONSTANT_CONVERSION = YES;
				CLANG_WARN_DIRECT_OBJC_ISA_USAGE = YES_ERROR;
				CLANG_WARN_EMPTY_BODY = YES;
				CLANG_WARN_ENUM_CONVERSION = YES;
				CLANG_WARN_INT_CONVERSION = YES;
				CLANG_WARN_OBJC_ROOT_CLASS = YES_ERROR;
				CLANG_WARN_UNREACHABLE_CODE = YES;
				CLANG_WARN__DUPLICATE_METHOD_MATCH = YES;
				"CODE_SIGN_IDENTITY[sdk=iphoneos*]" = "iPhone Developer";
				COPY_PHASE_STRIP = YES;
				ENABLE_NS_ASSERTIONS = NO;
				ENABLE_STRICT_OBJC_MSGSEND = YES;
				GCC_C_LANGUAGE_STANDARD = gnu99;
				GCC_WARN_64_TO_32_BIT_CONVERSION = YES;
				GCC_WARN_ABOUT_RETURN_TYPE = YES_ERROR;
				GCC_WARN_UNDECLARED_SELECTOR = YES;
				GCC_WARN_UNINITIALIZED_AUTOS = YES_AGGRESSIVE;
				GCC_WARN_UNUSED_FUNCTION = YES;
				GCC_WARN_UNUSED_VARIABLE = YES;
				IPHONEOS_DEPLOYMENT_TARGET = 8.1;
				MTL_ENABLE_DEBUG_INFO = NO;
				SDKROOT = iphoneos;
				TARGETED_DEVICE_FAMILY = "1,2";
				VALIDATE_PRODUCT = YES;
			};
			name = Release;
		};
		634558A11AA27DA300E12EAC /* Debug */ = {
			isa = XCBuildConfiguration;
			buildSettings = {
				ASSETCATALOG_COMPILER_APPICON_NAME = AppIcon;
				INFOPLIST_FILE = ExchangeAGram/Info.plist;
				LD_RUNPATH_SEARCH_PATHS = "$(inherited) @executable_path/Frameworks";
				PRODUCT_NAME = "$(TARGET_NAME)";
			};
			name = Debug;
		};
		634558A21AA27DA300E12EAC /* Release */ = {
			isa = XCBuildConfiguration;
			buildSettings = {
				ASSETCATALOG_COMPILER_APPICON_NAME = AppIcon;
				INFOPLIST_FILE = ExchangeAGram/Info.plist;
				LD_RUNPATH_SEARCH_PATHS = "$(inherited) @executable_path/Frameworks";
				PRODUCT_NAME = "$(TARGET_NAME)";
			};
			name = Release;
		};
		634558A41AA27DA300E12EAC /* Debug */ = {
			isa = XCBuildConfiguration;
			buildSettings = {
				BUNDLE_LOADER = "$(TEST_HOST)";
				FRAMEWORK_SEARCH_PATHS = (
					"$(SDKROOT)/Developer/Library/Frameworks",
					"$(inherited)",
				);
				GCC_PREPROCESSOR_DEFINITIONS = (
					"DEBUG=1",
					"$(inherited)",
				);
				INFOPLIST_FILE = ExchangeAGramTests/Info.plist;
				LD_RUNPATH_SEARCH_PATHS = "$(inherited) @executable_path/Frameworks @loader_path/Frameworks";
				PRODUCT_NAME = "$(TARGET_NAME)";
				TEST_HOST = "$(BUILT_PRODUCTS_DIR)/ExchangeAGram.app/ExchangeAGram";
			};
			name = Debug;
		};
		634558A51AA27DA300E12EAC /* Release */ = {
			isa = XCBuildConfiguration;
			buildSettings = {
				BUNDLE_LOADER = "$(TEST_HOST)";
				FRAMEWORK_SEARCH_PATHS = (
					"$(SDKROOT)/Developer/Library/Frameworks",
					"$(inherited)",
				);
				INFOPLIST_FILE = ExchangeAGramTests/Info.plist;
				LD_RUNPATH_SEARCH_PATHS = "$(inherited) @executable_path/Frameworks @loader_path/Frameworks";
				PRODUCT_NAME = "$(TARGET_NAME)";
				TEST_HOST = "$(BUILT_PRODUCTS_DIR)/ExchangeAGram.app/ExchangeAGram";
			};
			name = Release;
		};
/* End XCBuildConfiguration section */

/* Begin XCConfigurationList section */
		634558791AA27DA300E12EAC /* Build configuration list for PBXProject "ExchangeAGram" */ = {
			isa = XCConfigurationList;
			buildConfigurations = (
				6345589E1AA27DA300E12EAC /* Debug */,
				6345589F1AA27DA300E12EAC /* Release */,
			);
			defaultConfigurationIsVisible = 0;
			defaultConfigurationName = Release;
		};
		634558A01AA27DA300E12EAC /* Build configuration list for PBXNativeTarget "ExchangeAGram" */ = {
			isa = XCConfigurationList;
			buildConfigurations = (
				634558A11AA27DA300E12EAC /* Debug */,
				634558A21AA27DA300E12EAC /* Release */,
			);
			defaultConfigurationIsVisible = 0;
			defaultConfigurationName = Release;
		};
		634558A31AA27DA300E12EAC /* Build configuration list for PBXNativeTarget "ExchangeAGramTests" */ = {
			isa = XCConfigurationList;
			buildConfigurations = (
				634558A41AA27DA300E12EAC /* Debug */,
				634558A51AA27DA300E12EAC /* Release */,
			);
			defaultConfigurationIsVisible = 0;
			defaultConfigurationName = Release;
		};
/* End XCConfigurationList section */

/* Begin XCVersionGroup section */
		634558851AA27DA300E12EAC /* ExchangeAGram.xcdatamodeld */ = {
			isa = XCVersionGroup;
			children = (
				634558861AA27DA300E12EAC /* ExchangeAGram.xcdatamodel */,
			);
			currentVersion = 634558861AA27DA300E12EAC /* ExchangeAGram.xcdatamodel */;
			path = ExchangeAGram.xcdatamodeld;
			sourceTree = "<group>";
			versionGroupType = wrapper.xcdatamodel;
		};
/* End XCVersionGroup section */
	};
	rootObject = 634558761AA27DA300E12EAC /* Project object */;
}
